# This file was autogenerated by Stack.
# You should not edit this file by hand.
# For more information, please see the documentation at:
#   https://docs.haskellstack.org/en/stable/lock_files

packages:
- completed:
    hackage: text-format-heavy-0.1.5.3@sha256:abbc5f0c4883328df4058cf2145820eaf41c35d1af9cdacc50fc2e4c2bd15dda,2755
    pantry-tree:
      sha256: a26845b08d0d78894b1df747eceb3907515e9be208dd239c4a8083e7f6bf804e
      size: 1256
  original:
    hackage: text-format-heavy-0.1.5.3
- completed:
    commit: a9bfaf0248aca1e3d3b872838ea74ecc54f04ed1
    git: https://github.com/mdippery/dates.git
    name: dates
    pantry-tree:
      sha256: 2a540faa34c89c5850c77da07f042ca956be27b87b36ac1b480dc24f96d6427b
      size: 748
    version: 0.2.3.3
  original:
    commit: a9bfaf0248aca1e3d3b872838ea74ecc54f04ed1
    git: https://github.com/mdippery/dates.git
snapshots:
- completed:
    sha256: 5a59b2a405b3aba3c00188453be172b85893cab8ebc352b1ef58b0eae5d248a2
    size: 650475
    url: https://raw.githubusercontent.com/commercialhaskell/stackage-snapshots/master/lts/20/26.yaml
  original: lts-20.26
