# This file was autogenerated by Stack.
# You should not edit this file by hand.
# For more information, please see the documentation at:
#   https://docs.haskellstack.org/en/stable/lock_files

packages: []
snapshots:
- completed:
    sha256: a5cd71e5e76dc24426ab086adc0df15a4532b463284c75f4d1f1700b2fb9856c
    size: 503685
    url: https://raw.githubusercontent.com/commercialhaskell/stackage-snapshots/master/lts/12/11.yaml
  original: lts-12.11
